
Microsoft Visual Studio Solution File, Format Version 12.00
# Visual Studio Version 16
VisualStudioVersion = 16.0.30907.101
MinimumVisualStudioVersion = 10.0.40219.1
Project("{9A19103F-16F7-4668-BE54-9A1E7A4F7556}") = "Altkom.Orange.Models", "Altkom.Orange.Models\Altkom.Orange.Models.csproj", "{24B7C4A9-BDCC-4C79-ABDB-E14C13679621}"
EndProject
Project("{9A19103F-16F7-4668-BE54-9A1E7A4F7556}") = "Altkom.Orange.IServices", "Altkom.Orange.IServices\Altkom.Orange.IServices.csproj", "{8B5AE08E-FB55-486A-8162-A0255E84A721}"
EndProject
Project("{9A19103F-16F7-4668-BE54-9A1E7A4F7556}") = "Altkom.Orange.FakeServices", "Altkom.Orange.FakeServices\Altkom.Orange.FakeServices.csproj", "{BA437AD8-C6ED-407B-BD23-F3D87935F2B5}"
EndProject
Project("{9A19103F-16F7-4668-BE54-9A1E7A4F7556}") = "Altkom.Orange.Fakers", "Altkom.Orange.Fakers\Altkom.Orange.Fakers.csproj", "{37498A2D-CFFA-4AEA-8E34-AAAE81020CBF}"
EndProject
Project("{9A19103F-16F7-4668-BE54-9A1E7A4F7556}") = "Altkom.Orange.WebApi", "Altkom.Orange.WebApi\Altkom.Orange.WebApi.csproj", "{B3C2B427-5A12-40CB-B0D5-027638A42B52}"
EndProject
Project("{9A19103F-16F7-4668-BE54-9A1E7A4F7556}") = "Altkom.Orange.Models.Validators", "Altkom.Orange.Models.Validators\Altkom.Orange.Models.Validators.csproj", "{D4ED38F7-D4ED-4CEE-96DD-133D7012FE80}"
EndProject
Project("{9A19103F-16F7-4668-BE54-9A1E7A4F7556}") = "Altkom.Orange.Api", "Altkom.Orange.Api\Altkom.Orange.Api.csproj", "{A325B7FF-ADD0-4177-BF6E-556F5E46713C}"
EndProject
Project("{9A19103F-16F7-4668-BE54-9A1E7A4F7556}") = "Altkom.Orange.RouteToCode", "Altkom.Orange.RouteToCode\Altkom.Orange.RouteToCode.csproj", "{9BF197A0-BE06-4718-9A3F-C4D48067B62F}"
EndProject
Project("{9A19103F-16F7-4668-BE54-9A1E7A4F7556}") = "Altkom.Orange.SignalRHub", "Altkom.Orange.SignalRHub\Altkom.Orange.SignalRHub.csproj", "{D511D1CF-8AFC-4A1F-80AF-5C0595CC109D}"
EndProject
Project("{9A19103F-16F7-4668-BE54-9A1E7A4F7556}") = "Altkom.Orange.SignalRSenderClient", "Altkom.Orange.SignalRSenderClient\Altkom.Orange.SignalRSenderClient.csproj", "{E92BDA25-3732-46FB-BA2C-2E59D0C76F0C}"
EndProject
Project("{9A19103F-16F7-4668-BE54-9A1E7A4F7556}") = "Altkom.Orange.SignalRReceiverClient", "Altkom.Orange.SignalRReceiverClient\Altkom.Orange.SignalRReceiverClient.csproj", "{35558CEF-FF35-4AB1-A688-BD1AC9F97BF0}"
EndProject
Project("{9A19103F-16F7-4668-BE54-9A1E7A4F7556}") = "Altkom.Orange.RazorPages", "Altkom.Orange.RazorPages\Altkom.Orange.RazorPages.csproj", "{C73501EC-E261-43C4-8C6C-10B6EAF58D3E}"
EndProject
Project("{9A19103F-16F7-4668-BE54-9A1E7A4F7556}") = "Altkom.Orange.GrpcService", "Altkom.Orange.GrpcService\Altkom.Orange.GrpcService.csproj", "{02DC3A3F-C3E4-4E36-88CC-5BB96FA74C88}"
EndProject
Project("{9A19103F-16F7-4668-BE54-9A1E7A4F7556}") = "Altkom.Orange.GrpcSenderClient", "Altkom.Orange.GrpcSenderClient\Altkom.Orange.GrpcSenderClient.csproj", "{D6AF5C3E-ECEF-4F37-BB29-1FEEF14C1B5E}"
EndProject
Project("{FAE04EC0-301F-11D3-BF4B-00C04F79EFBC}") = "Altkom.Orange.GrpcReceiverClient", "Altkom.Orange.GrpcReceiverClient\Altkom.Orange.GrpcReceiverClient.csproj", "{F018250B-2C72-4F91-87BB-2D096A1A1E99}"
EndProject
Project("{FAE04EC0-301F-11D3-BF4B-00C04F79EFBC}") = "Altkom.Orange.EFDbServices", "Altkom.Orange.EFDbServices\Altkom.Orange.EFDbServices.csproj", "{B34C49AC-1D2F-42A7-8C70-ABB8AF80C31D}"
EndProject
Global
	GlobalSection(SolutionConfigurationPlatforms) = preSolution
		Debug|Any CPU = Debug|Any CPU
		Release|Any CPU = Release|Any CPU
	EndGlobalSection
	GlobalSection(ProjectConfigurationPlatforms) = postSolution
		{24B7C4A9-BDCC-4C79-ABDB-E14C13679621}.Debug|Any CPU.ActiveCfg = Debug|Any CPU
		{24B7C4A9-BDCC-4C79-ABDB-E14C13679621}.Debug|Any CPU.Build.0 = Debug|Any CPU
		{24B7C4A9-BDCC-4C79-ABDB-E14C13679621}.Release|Any CPU.ActiveCfg = Release|Any CPU
		{24B7C4A9-BDCC-4C79-ABDB-E14C13679621}.Release|Any CPU.Build.0 = Release|Any CPU
		{8B5AE08E-FB55-486A-8162-A0255E84A721}.Debug|Any CPU.ActiveCfg = Debug|Any CPU
		{8B5AE08E-FB55-486A-8162-A0255E84A721}.Debug|Any CPU.Build.0 = Debug|Any CPU
		{8B5AE08E-FB55-486A-8162-A0255E84A721}.Release|Any CPU.ActiveCfg = Release|Any CPU
		{8B5AE08E-FB55-486A-8162-A0255E84A721}.Release|Any CPU.Build.0 = Release|Any CPU
		{BA437AD8-C6ED-407B-BD23-F3D87935F2B5}.Debug|Any CPU.ActiveCfg = Debug|Any CPU
		{BA437AD8-C6ED-407B-BD23-F3D87935F2B5}.Debug|Any CPU.Build.0 = Debug|Any CPU
		{BA437AD8-C6ED-407B-BD23-F3D87935F2B5}.Release|Any CPU.ActiveCfg = Release|Any CPU
		{BA437AD8-C6ED-407B-BD23-F3D87935F2B5}.Release|Any CPU.Build.0 = Release|Any CPU
		{37498A2D-CFFA-4AEA-8E34-AAAE81020CBF}.Debug|Any CPU.ActiveCfg = Debug|Any CPU
		{37498A2D-CFFA-4AEA-8E34-AAAE81020CBF}.Debug|Any CPU.Build.0 = Debug|Any CPU
		{37498A2D-CFFA-4AEA-8E34-AAAE81020CBF}.Release|Any CPU.ActiveCfg = Release|Any CPU
		{37498A2D-CFFA-4AEA-8E34-AAAE81020CBF}.Release|Any CPU.Build.0 = Release|Any CPU
		{B3C2B427-5A12-40CB-B0D5-027638A42B52}.Debug|Any CPU.ActiveCfg = Debug|Any CPU
		{B3C2B427-5A12-40CB-B0D5-027638A42B52}.Debug|Any CPU.Build.0 = Debug|Any CPU
		{B3C2B427-5A12-40CB-B0D5-027638A42B52}.Release|Any CPU.ActiveCfg = Release|Any CPU
		{B3C2B427-5A12-40CB-B0D5-027638A42B52}.Release|Any CPU.Build.0 = Release|Any CPU
		{D4ED38F7-D4ED-4CEE-96DD-133D7012FE80}.Debug|Any CPU.ActiveCfg = Debug|Any CPU
		{D4ED38F7-D4ED-4CEE-96DD-133D7012FE80}.Debug|Any CPU.Build.0 = Debug|Any CPU
		{D4ED38F7-D4ED-4CEE-96DD-133D7012FE80}.Release|Any CPU.ActiveCfg = Release|Any CPU
		{D4ED38F7-D4ED-4CEE-96DD-133D7012FE80}.Release|Any CPU.Build.0 = Release|Any CPU
		{A325B7FF-ADD0-4177-BF6E-556F5E46713C}.Debug|Any CPU.ActiveCfg = Debug|Any CPU
		{A325B7FF-ADD0-4177-BF6E-556F5E46713C}.Debug|Any CPU.Build.0 = Debug|Any CPU
		{A325B7FF-ADD0-4177-BF6E-556F5E46713C}.Release|Any CPU.ActiveCfg = Release|Any CPU
		{A325B7FF-ADD0-4177-BF6E-556F5E46713C}.Release|Any CPU.Build.0 = Release|Any CPU
		{9BF197A0-BE06-4718-9A3F-C4D48067B62F}.Debug|Any CPU.ActiveCfg = Debug|Any CPU
		{9BF197A0-BE06-4718-9A3F-C4D48067B62F}.Debug|Any CPU.Build.0 = Debug|Any CPU
		{9BF197A0-BE06-4718-9A3F-C4D48067B62F}.Release|Any CPU.ActiveCfg = Release|Any CPU
		{9BF197A0-BE06-4718-9A3F-C4D48067B62F}.Release|Any CPU.Build.0 = Release|Any CPU
		{D511D1CF-8AFC-4A1F-80AF-5C0595CC109D}.Debug|Any CPU.ActiveCfg = Debug|Any CPU
		{D511D1CF-8AFC-4A1F-80AF-5C0595CC109D}.Debug|Any CPU.Build.0 = Debug|Any CPU
		{D511D1CF-8AFC-4A1F-80AF-5C0595CC109D}.Release|Any CPU.ActiveCfg = Release|Any CPU
		{D511D1CF-8AFC-4A1F-80AF-5C0595CC109D}.Release|Any CPU.Build.0 = Release|Any CPU
		{E92BDA25-3732-46FB-BA2C-2E59D0C76F0C}.Debug|Any CPU.ActiveCfg = Debug|Any CPU
		{E92BDA25-3732-46FB-BA2C-2E59D0C76F0C}.Debug|Any CPU.Build.0 = Debug|Any CPU
		{E92BDA25-3732-46FB-BA2C-2E59D0C76F0C}.Release|Any CPU.ActiveCfg = Release|Any CPU
		{E92BDA25-3732-46FB-BA2C-2E59D0C76F0C}.Release|Any CPU.Build.0 = Release|Any CPU
		{35558CEF-FF35-4AB1-A688-BD1AC9F97BF0}.Debug|Any CPU.ActiveCfg = Debug|Any CPU
		{35558CEF-FF35-4AB1-A688-BD1AC9F97BF0}.Debug|Any CPU.Build.0 = Debug|Any CPU
		{35558CEF-FF35-4AB1-A688-BD1AC9F97BF0}.Release|Any CPU.ActiveCfg = Release|Any CPU
		{35558CEF-FF35-4AB1-A688-BD1AC9F97BF0}.Release|Any CPU.Build.0 = Release|Any CPU
		{C73501EC-E261-43C4-8C6C-10B6EAF58D3E}.Debug|Any CPU.ActiveCfg = Debug|Any CPU
		{C73501EC-E261-43C4-8C6C-10B6EAF58D3E}.Debug|Any CPU.Build.0 = Debug|Any CPU
		{C73501EC-E261-43C4-8C6C-10B6EAF58D3E}.Release|Any CPU.ActiveCfg = Release|Any CPU
		{C73501EC-E261-43C4-8C6C-10B6EAF58D3E}.Release|Any CPU.Build.0 = Release|Any CPU
		{02DC3A3F-C3E4-4E36-88CC-5BB96FA74C88}.Debug|Any CPU.ActiveCfg = Debug|Any CPU
		{02DC3A3F-C3E4-4E36-88CC-5BB96FA74C88}.Debug|Any CPU.Build.0 = Debug|Any CPU
		{02DC3A3F-C3E4-4E36-88CC-5BB96FA74C88}.Release|Any CPU.ActiveCfg = Release|Any CPU
		{02DC3A3F-C3E4-4E36-88CC-5BB96FA74C88}.Release|Any CPU.Build.0 = Release|Any CPU
		{D6AF5C3E-ECEF-4F37-BB29-1FEEF14C1B5E}.Debug|Any CPU.ActiveCfg = Debug|Any CPU
		{D6AF5C3E-ECEF-4F37-BB29-1FEEF14C1B5E}.Debug|Any CPU.Build.0 = Debug|Any CPU
		{D6AF5C3E-ECEF-4F37-BB29-1FEEF14C1B5E}.Release|Any CPU.ActiveCfg = Release|Any CPU
		{D6AF5C3E-ECEF-4F37-BB29-1FEEF14C1B5E}.Release|Any CPU.Build.0 = Release|Any CPU
		{F018250B-2C72-4F91-87BB-2D096A1A1E99}.Debug|Any CPU.ActiveCfg = Debug|Any CPU
		{F018250B-2C72-4F91-87BB-2D096A1A1E99}.Debug|Any CPU.Build.0 = Debug|Any CPU
		{F018250B-2C72-4F91-87BB-2D096A1A1E99}.Release|Any CPU.ActiveCfg = Release|Any CPU
		{F018250B-2C72-4F91-87BB-2D096A1A1E99}.Release|Any CPU.Build.0 = Release|Any CPU
		{B34C49AC-1D2F-42A7-8C70-ABB8AF80C31D}.Debug|Any CPU.ActiveCfg = Debug|Any CPU
		{B34C49AC-1D2F-42A7-8C70-ABB8AF80C31D}.Debug|Any CPU.Build.0 = Debug|Any CPU
		{B34C49AC-1D2F-42A7-8C70-ABB8AF80C31D}.Release|Any CPU.ActiveCfg = Release|Any CPU
		{B34C49AC-1D2F-42A7-8C70-ABB8AF80C31D}.Release|Any CPU.Build.0 = Release|Any CPU
	EndGlobalSection
	GlobalSection(SolutionProperties) = preSolution
		HideSolutionNode = FALSE
	EndGlobalSection
	GlobalSection(ExtensibilityGlobals) = postSolution
		SolutionGuid = {F7122B3D-B5B9-4B4F-AB0C-2788581B6225}
	EndGlobalSection
EndGlobal
